// !$*UTF8*$!
{
	archiveVersion = 1;
	classes = {
	};
	objectVersion = 46;
	objects = {

/* Begin PBXBuildFile section */
		8B1215B51D1B89040033843A /* MapKit.framework in Frameworks */ = {isa = PBXBuildFile; fileRef = 8B1215B41D1B89040033843A /* MapKit.framework */; };
		8B1215B71D1B89150033843A /* CoreLocation.framework in Frameworks */ = {isa = PBXBuildFile; fileRef = 8B1215B61D1B89150033843A /* CoreLocation.framework */; };
		8B13D39C1D16630F00E37339 /* AppDelegate.swift in Sources */ = {isa = PBXBuildFile; fileRef = 8B13D39B1D16630F00E37339 /* AppDelegate.swift */; };
		8B13D39E1D16630F00E37339 /* ViewController.swift in Sources */ = {isa = PBXBuildFile; fileRef = 8B13D39D1D16630F00E37339 /* ViewController.swift */; };
		8B13D3A11D16630F00E37339 /* Main.storyboard in Resources */ = {isa = PBXBuildFile; fileRef = 8B13D39F1D16630F00E37339 /* Main.storyboard */; };
		8B13D3A41D16630F00E37339 /* test.xcdatamodeld in Sources */ = {isa = PBXBuildFile; fileRef = 8B13D3A21D16630F00E37339 /* test.xcdatamodeld */; };
		8B13D3A61D16630F00E37339 /* Assets.xcassets in Resources */ = {isa = PBXBuildFile; fileRef = 8B13D3A51D16630F00E37339 /* Assets.xcassets */; };
		8B13D3A91D16630F00E37339 /* LaunchScreen.storyboard in Resources */ = {isa = PBXBuildFile; fileRef = 8B13D3A71D16630F00E37339 /* LaunchScreen.storyboard */; };
		8B13D3B41D16631000E37339 /* testTests.swift in Sources */ = {isa = PBXBuildFile; fileRef = 8B13D3B31D16631000E37339 /* testTests.swift */; };
		8B13D3BF1D16631000E37339 /* testUITests.swift in Sources */ = {isa = PBXBuildFile; fileRef = 8B13D3BE1D16631000E37339 /* testUITests.swift */; };
		8B13D3D21D1669F600E37339 /* Person+CoreDataProperties.swift in Sources */ = {isa = PBXBuildFile; fileRef = 8B13D3D01D1669F600E37339 /* Person+CoreDataProperties.swift */; };
		8B13D3D31D1669F600E37339 /* Person.swift in Sources */ = {isa = PBXBuildFile; fileRef = 8B13D3D11D1669F600E37339 /* Person.swift */; };
		8B13D3D51D166C8C00E37339 /* Alert.swift in Sources */ = {isa = PBXBuildFile; fileRef = 8B13D3D41D166C8C00E37339 /* Alert.swift */; };
/* End PBXBuildFile section */

/* Begin PBXContainerItemProxy section */
		8B13D3B01D16630F00E37339 /* PBXContainerItemProxy */ = {
			isa = PBXContainerItemProxy;
			containerPortal = 8B13D3901D16630F00E37339 /* Project object */;
			proxyType = 1;
			remoteGlobalIDString = 8B13D3971D16630F00E37339;
			remoteInfo = test;
		};
		8B13D3BB1D16631000E37339 /* PBXContainerItemProxy */ = {
			isa = PBXContainerItemProxy;
			containerPortal = 8B13D3901D16630F00E37339 /* Project object */;
			proxyType = 1;
			remoteGlobalIDString = 8B13D3971D16630F00E37339;
			remoteInfo = test;
		};
/* End PBXContainerItemProxy section */

/* Begin PBXFileReference section */
		8B1215B41D1B89040033843A /* MapKit.framework */ = {isa = PBXFileReference; lastKnownFileType = wrapper.framework; name = MapKit.framework; path = System/Library/Frameworks/MapKit.framework; sourceTree = SDKROOT; };
		8B1215B61D1B89150033843A /* CoreLocation.framework */ = {isa = PBXFileReference; lastKnownFileType = wrapper.framework; name = CoreLocation.framework; path = System/Library/Frameworks/CoreLocation.framework; sourceTree = SDKROOT; };
		8B13D3981D16630F00E37339 /* test.app */ = {isa = PBXFileReference; explicitFileType = wrapper.application; includeInIndex = 0; path = test.app; sourceTree = BUILT_PRODUCTS_DIR; };
		8B13D39B1D16630F00E37339 /* AppDelegate.swift */ = {isa = PBXFileReference; lastKnownFileType = sourcecode.swift; path = AppDelegate.swift; sourceTree = "<group>"; };
		8B13D39D1D16630F00E37339 /* ViewController.swift */ = {isa = PBXFileReference; lastKnownFileType = sourcecode.swift; path = ViewController.swift; sourceTree = "<group>"; };
		8B13D3A01D16630F00E37339 /* Base */ = {isa = PBXFileReference; lastKnownFileType = file.storyboard; name = Base; path = Base.lproj/Main.storyboard; sourceTree = "<group>"; };
		8B13D3A31D16630F00E37339 /* test.xcdatamodel */ = {isa = PBXFileReference; lastKnownFileType = wrapper.xcdatamodel; path = test.xcdatamodel; sourceTree = "<group>"; };
		8B13D3A51D16630F00E37339 /* Assets.xcassets */ = {isa = PBXFileReference; lastKnownFileType = folder.assetcatalog; path = Assets.xcassets; sourceTree = "<group>"; };
		8B13D3A81D16630F00E37339 /* Base */ = {isa = PBXFileReference; lastKnownFileType = file.storyboard; name = Base; path = Base.lproj/LaunchScreen.storyboard; sourceTree = "<group>"; };
		8B13D3AA1D16630F00E37339 /* Info.plist */ = {isa = PBXFileReference; lastKnownFileType = text.plist.xml; path = Info.plist; sourceTree = "<group>"; };
		8B13D3AF1D16630F00E37339 /* testTests.xctest */ = {isa = PBXFileReference; explicitFileType = wrapper.cfbundle; includeInIndex = 0; path = testTests.xctest; sourceTree = BUILT_PRODUCTS_DIR; };
		8B13D3B31D16631000E37339 /* testTests.swift */ = {isa = PBXFileReference; lastKnownFileType = sourcecode.swift; path = testTests.swift; sourceTree = "<group>"; };
		8B13D3B51D16631000E37339 /* Info.plist */ = {isa = PBXFileReference; lastKnownFileType = text.plist.xml; path = Info.plist; sourceTree = "<group>"; };
		8B13D3BA1D16631000E37339 /* testUITests.xctest */ = {isa = PBXFileReference; explicitFileType = wrapper.cfbundle; includeInIndex = 0; path = testUITests.xctest; sourceTree = BUILT_PRODUCTS_DIR; };
		8B13D3BE1D16631000E37339 /* testUITests.swift */ = {isa = PBXFileReference; lastKnownFileType = sourcecode.swift; path = testUITests.swift; sourceTree = "<group>"; };
		8B13D3C01D16631000E37339 /* Info.plist */ = {isa = PBXFileReference; lastKnownFileType = text.plist.xml; path = Info.plist; sourceTree = "<group>"; };
		8B13D3D01D1669F600E37339 /* Person+CoreDataProperties.swift */ = {isa = PBXFileReference; fileEncoding = 4; lastKnownFileType = sourcecode.swift; path = "Person+CoreDataProperties.swift"; sourceTree = "<group>"; };
		8B13D3D11D1669F600E37339 /* Person.swift */ = {isa = PBXFileReference; fileEncoding = 4; lastKnownFileType = sourcecode.swift; path = Person.swift; sourceTree = "<group>"; };
		8B13D3D41D166C8C00E37339 /* Alert.swift */ = {isa = PBXFileReference; fileEncoding = 4; lastKnownFileType = sourcecode.swift; path = Alert.swift; sourceTree = "<group>"; };
/* End PBXFileReference section */

/* Begin PBXFrameworksBuildPhase section */
		8B13D3951D16630F00E37339 /* Frameworks */ = {
			isa = PBXFrameworksBuildPhase;
			buildActionMask = 2147483647;
			files = (
				8B1215B71D1B89150033843A /* CoreLocation.framework in Frameworks */,
				8B1215B51D1B89040033843A /* MapKit.framework in Frameworks */,
			);
			runOnlyForDeploymentPostprocessing = 0;
		};
		8B13D3AC1D16630F00E37339 /* Frameworks */ = {
			isa = PBXFrameworksBuildPhase;
			buildActionMask = 2147483647;
			files = (
			);
			runOnlyForDeploymentPostprocessing = 0;
		};
		8B13D3B71D16631000E37339 /* Frameworks */ = {
			isa = PBXFrameworksBuildPhase;
			buildActionMask = 2147483647;
			files = (
			);
			runOnlyForDeploymentPostprocessing = 0;
		};
/* End PBXFrameworksBuildPhase section */

/* Begin PBXGroup section */
		8B13D38F1D16630F00E37339 = {
			isa = PBXGroup;
			children = (
				8B1215B61D1B89150033843A /* CoreLocation.framework */,
				8B1215B41D1B89040033843A /* MapKit.framework */,
				8B13D3D01D1669F600E37339 /* Person+CoreDataProperties.swift */,
				8B13D3D11D1669F600E37339 /* Person.swift */,
				8B13D3D41D166C8C00E37339 /* Alert.swift */,
				8B13D39A1D16630F00E37339 /* test */,
				8B13D3B21D16630F00E37339 /* testTests */,
				8B13D3BD1D16631000E37339 /* testUITests */,
				8B13D3991D16630F00E37339 /* Products */,
			);
			sourceTree = "<group>";
		};
		8B13D3991D16630F00E37339 /* Products */ = {
			isa = PBXGroup;
			children = (
				8B13D3981D16630F00E37339 /* test.app */,
				8B13D3AF1D16630F00E37339 /* testTests.xctest */,
				8B13D3BA1D16631000E37339 /* testUITests.xctest */,
			);
			name = Products;
			sourceTree = "<group>";
		};
		8B13D39A1D16630F00E37339 /* test */ = {
			isa = PBXGroup;
			children = (
				8B13D39B1D16630F00E37339 /* AppDelegate.swift */,
				8B13D39D1D16630F00E37339 /* ViewController.swift */,
				8B13D39F1D16630F00E37339 /* Main.storyboard */,
				8B13D3A51D16630F00E37339 /* Assets.xcassets */,
				8B13D3A71D16630F00E37339 /* LaunchScreen.storyboard */,
				8B13D3AA1D16630F00E37339 /* Info.plist */,
				8B13D3A21D16630F00E37339 /* test.xcdatamodeld */,
			);
			path = test;
			sourceTree = "<group>";
		};
		8B13D3B21D16630F00E37339 /* testTests */ = {
			isa = PBXGroup;
			children = (
				8B13D3B31D16631000E37339 /* testTests.swift */,
				8B13D3B51D16631000E37339 /* Info.plist */,
			);
			path = testTests;
			sourceTree = "<group>";
		};
		8B13D3BD1D16631000E37339 /* testUITests */ = {
			isa = PBXGroup;
			children = (
				8B13D3BE1D16631000E37339 /* testUITests.swift */,
				8B13D3C01D16631000E37339 /* Info.plist */,
			);
			path = testUITests;
			sourceTree = "<group>";
		};
/* End PBXGroup section */

/* Begin PBXNativeTarget section */
		8B13D3971D16630F00E37339 /* test */ = {
			isa = PBXNativeTarget;
			buildConfigurationList = 8B13D3C31D16631000E37339 /* Build configuration list for PBXNativeTarget "test" */;
			buildPhases = (
				8B13D3941D16630F00E37339 /* Sources */,
				8B13D3951D16630F00E37339 /* Frameworks */,
				8B13D3961D16630F00E37339 /* Resources */,
			);
			buildRules = (
			);
			dependencies = (
			);
			name = test;
			productName = test;
			productReference = 8B13D3981D16630F00E37339 /* test.app */;
			productType = "com.apple.product-type.application";
		};
		8B13D3AE1D16630F00E37339 /* testTests */ = {
			isa = PBXNativeTarget;
			buildConfigurationList = 8B13D3C61D16631000E37339 /* Build configuration list for PBXNativeTarget "testTests" */;
			buildPhases = (
				8B13D3AB1D16630F00E37339 /* Sources */,
				8B13D3AC1D16630F00E37339 /* Frameworks */,
				8B13D3AD1D16630F00E37339 /* Resources */,
			);
			buildRules = (
			);
			dependencies = (
				8B13D3B11D16630F00E37339 /* PBXTargetDependency */,
			);
			name = testTests;
			productName = testTests;
			productReference = 8B13D3AF1D16630F00E37339 /* testTests.xctest */;
			productType = "com.apple.product-type.bundle.unit-test";
		};
		8B13D3B91D16631000E37339 /* testUITests */ = {
			isa = PBXNativeTarget;
			buildConfigurationList = 8B13D3C91D16631000E37339 /* Build configuration list for PBXNativeTarget "testUITests" */;
			buildPhases = (
				8B13D3B61D16631000E37339 /* Sources */,
				8B13D3B71D16631000E37339 /* Frameworks */,
				8B13D3B81D16631000E37339 /* Resources */,
			);
			buildRules = (
			);
			dependencies = (
				8B13D3BC1D16631000E37339 /* PBXTargetDependency */,
			);
			name = testUITests;
			productName = testUITests;
			productReference = 8B13D3BA1D16631000E37339 /* testUITests.xctest */;
			productType = "com.apple.product-type.bundle.ui-testing";
		};
/* End PBXNativeTarget section */

/* Begin PBXProject section */
		8B13D3901D16630F00E37339 /* Project object */ = {
			isa = PBXProject;
			attributes = {
				LastSwiftUpdateCheck = 0730;
				LastUpgradeCheck = 0730;
				ORGANIZATIONNAME = HealthCare.inc;
				TargetAttributes = {
					8B13D3971D16630F00E37339 = {
						CreatedOnToolsVersion = 7.3.1;
						DevelopmentTeam = Z5P4SMDK2W;
					};
					8B13D3AE1D16630F00E37339 = {
						CreatedOnToolsVersion = 7.3.1;
						DevelopmentTeam = Z5P4SMDK2W;
						TestTargetID = 8B13D3971D16630F00E37339;
					};
					8B13D3B91D16631000E37339 = {
						CreatedOnToolsVersion = 7.3.1;
						DevelopmentTeam = Z5P4SMDK2W;
						TestTargetID = 8B13D3971D16630F00E37339;
					};
				};
			};
			buildConfigurationList = 8B13D3931D16630F00E37339 /* Build configuration list for PBXProject "test" */;
			compatibilityVersion = "Xcode 3.2";
			developmentRegion = English;
			hasScannedForEncodings = 0;
			knownRegions = (
				en,
				Base,
			);
			mainGroup = 8B13D38F1D16630F00E37339;
			productRefGroup = 8B13D3991D16630F00E37339 /* Products */;
			projectDirPath = "";
			projectRoot = "";
			targets = (
				8B13D3971D16630F00E37339 /* test */,
				8B13D3AE1D16630F00E37339 /* testTests */,
				8B13D3B91D16631000E37339 /* testUITests */,
			);
		};
/* End PBXProject section */

/* Begin PBXResourcesBuildPhase section */
		8B13D3961D16630F00E37339 /* Resources */ = {
			isa = PBXResourcesBuildPhase;
			buildActionMask = 2147483647;
			files = (
				8B13D3A91D16630F00E37339 /* LaunchScreen.storyboard in Resources */,
				8B13D3A61D16630F00E37339 /* Assets.xcassets in Resources */,
				8B13D3A11D16630F00E37339 /* Main.storyboard in Resources */,
			);
			runOnlyForDeploymentPostprocessing = 0;
		};
		8B13D3AD1D16630F00E37339 /* Resources */ = {
			isa = PBXResourcesBuildPhase;
			buildActionMask = 2147483647;
			files = (
			);
			runOnlyForDeploymentPostprocessing = 0;
		};
		8B13D3B81D16631000E37339 /* Resources */ = {
			isa = PBXResourcesBuildPhase;
			buildActionMask = 2147483647;
			files = (
			);
			runOnlyForDeploymentPostprocessing = 0;
		};
/* End PBXResourcesBuildPhase section */

/* Begin PBXSourcesBuildPhase section */
		8B13D3941D16630F00E37339 /* Sources */ = {
			isa = PBXSourcesBuildPhase;
			buildActionMask = 2147483647;
			files = (
				8B13D3D51D166C8C00E37339 /* Alert.swift in Sources */,
				8B13D3D31D1669F600E37339 /* Person.swift in Sources */,
				8B13D3D21D1669F600E37339 /* Person+CoreDataProperties.swift in Sources */,
				8B13D39E1D16630F00E37339 /* ViewController.swift in Sources */,
				8B13D39C1D16630F00E37339 /* AppDelegate.swift in Sources */,
				8B13D3A41D16630F00E37339 /* test.xcdatamodeld in Sources */,
			);
			runOnlyForDeploymentPostprocessing = 0;
		};
		8B13D3AB1D16630F00E37339 /* Sources */ = {
			isa = PBXSourcesBuildPhase;
			buildActionMask = 2147483647;
			files = (
				8B13D3B41D16631000E37339 /* testTests.swift in Sources */,
			);
			runOnlyForDeploymentPostprocessing = 0;
		};
		8B13D3B61D16631000E37339 /* Sources */ = {
			isa = PBXSourcesBuildPhase;
			buildActionMask = 2147483647;
			files = (
				8B13D3BF1D16631000E37339 /* testUITests.swift in Sources */,
			);
			runOnlyForDeploymentPostprocessing = 0;
		};
/* End PBXSourcesBuildPhase section */

/* Begin PBXTargetDependency section */
		8B13D3B11D16630F00E37339 /* PBXTargetDependency */ = {
			isa = PBXTargetDependency;
			target = 8B13D3971D16630F00E37339 /* test */;
			targetProxy = 8B13D3B01D16630F00E37339 /* PBXContainerItemProxy */;
		};
		8B13D3BC1D16631000E37339 /* PBXTargetDependency */ = {
			isa = PBXTargetDependency;
			target = 8B13D3971D16630F00E37339 /* test */;
			targetProxy = 8B13D3BB1D16631000E37339 /* PBXContainerItemProxy */;
		};
/* End PBXTargetDependency section */

/* Begin PBXVariantGroup section */
		8B13D39F1D16630F00E37339 /* Main.storyboard */ = {
			isa = PBXVariantGroup;
			children = (
				8B13D3A01D16630F00E37339 /* Base */,
			);
			name = Main.storyboard;
			sourceTree = "<group>";
		};
		8B13D3A71D16630F00E37339 /* LaunchScreen.storyboard */ = {
			isa = PBXVariantGroup;
			children = (
				8B13D3A81D16630F00E37339 /* Base */,
			);
			name = LaunchScreen.storyboard;
			sourceTree = "<group>";
		};
/* End PBXVariantGroup section */

/* Begin XCBuildConfiguration section */
		8B13D3C11D16631000E37339 /* Debug */ = {
			isa = XCBuildConfiguration;
			buildSettings = {
				ALWAYS_SEARCH_USER_PATHS = NO;
				CLANG_ANALYZER_NONNULL = YES;
				CLANG_CXX_LANGUAGE_STANDARD = "gnu++0x";
				CLANG_CXX_LIBRARY = "libc++";
				CLANG_ENABLE_MODULES = YES;
				CLANG_ENABLE_OBJC_ARC = YES;
				CLANG_WARN_BOOL_CONVERSION = YES;
				CLANG_WARN_CONSTANT_CONVERSION = YES;
				CLANG_WARN_DIRECT_OBJC_ISA_USAGE = YES_ERROR;
				CLANG_WARN_EMPTY_BODY = YES;
				CLANG_WARN_ENUM_CONVERSION = YES;
				CLANG_WARN_INT_CONVERSION = YES;
				CLANG_WARN_OBJC_ROOT_CLASS = YES_ERROR;
				CLANG_WARN_UNREACHABLE_CODE = YES;
				CLANG_WARN__DUPLICATE_METHOD_MATCH = YES;
				"CODE_SIGN_IDENTITY[sdk=iphoneos*]" = "iPhone Developer";
				COPY_PHASE_STRIP = NO;
				DEBUG_INFORMATION_FORMAT = dwarf;
				ENABLE_STRICT_OBJC_MSGSEND = YES;
				ENABLE_TESTABILITY = YES;
				GCC_C_LANGUAGE_STANDARD = gnu99;
				GCC_DYNAMIC_NO_PIC = NO;
				GCC_NO_COMMON_BLOCKS = YES;
				GCC_OPTIMIZATION_LEVEL = 0;
				GCC_PREPROCESSOR_DEFINITIONS = (
					"DEBUG=1",
					"$(inherited)",
				);
				GCC_WARN_64_TO_32_BIT_CONVERSION = YES;
				GCC_WARN_ABOUT_RETURN_TYPE = YES_ERROR;
				GCC_WARN_UNDECLARED_SELECTOR = YES;
				GCC_WARN_UNINITIALIZED_AUTOS = YES_AGGRESSIVE;
				GCC_WARN_UNUSED_FUNCTION = YES;
				GCC_WARN_UNUSED_VARIABLE = YES;
				IPHONEOS_DEPLOYMENT_TARGET = 9.3;
				MTL_ENABLE_DEBUG_INFO = YES;
				ONLY_ACTIVE_ARCH = YES;
				SDKROOT = iphoneos;
				SWIFT_OPTIMIZATION_LEVEL = "-Onone";
				TARGETED_DEVICE_FAMILY = "1,2";
			};
			name = Debug;
		};
		8B13D3C21D16631000E37339 /* Release */ = {
			isa = XCBuildConfiguration;
			buildSettings = {
				ALWAYS_SEARCH_USER_PATHS = NO;
				CLANG_ANALYZER_NONNULL = YES;
				CLANG_CXX_LANGUAGE_STANDARD = "gnu++0x";
				CLANG_CXX_LIBRARY = "libc++";
				CLANG_ENABLE_MODULES = YES;
				CLANG_ENABLE_OBJC_ARC = YES;
				CLANG_WARN_BOOL_CONVERSION = YES;
				CLANG_WARN_CONSTANT_CONVERSION = YES;
				CLANG_WARN_DIRECT_OBJC_ISA_USAGE = YES_ERROR;
				CLANG_WARN_EMPTY_BODY = YES;
				CLANG_WARN_ENUM_CONVERSION = YES;
				CLANG_WARN_INT_CONVERSION = YES;
				CLANG_WARN_OBJC_ROOT_CLASS = YES_ERROR;
				CLANG_WARN_UNREACHABLE_CODE = YES;
				CLANG_WARN__DUPLICATE_METHOD_MATCH = YES;
				"CODE_SIGN_IDENTITY[sdk=iphoneos*]" = "iPhone Developer";
				COPY_PHASE_STRIP = NO;
				DEBUG_INFORMATION_FORMAT = "dwarf-with-dsym";
				ENABLE_NS_ASSERTIONS = NO;
				ENABLE_STRICT_OBJC_MSGSEND = YES;
				GCC_C_LANGUAGE_STANDARD = gnu99;
				GCC_NO_COMMON_BLOCKS = YES;
				GCC_WARN_64_TO_32_BIT_CONVERSION = YES;
				GCC_WARN_ABOUT_RETURN_TYPE = YES_ERROR;
				GCC_WARN_UNDECLARED_SELECTOR = YES;
				GCC_WARN_UNINITIALIZED_AUTOS = YES_AGGRESSIVE;
				GCC_WARN_UNUSED_FUNCTION = YES;
				GCC_WARN_UNUSED_VARIABLE = YES;
				IPHONEOS_DEPLOYMENT_TARGET = 9.3;
				MTL_ENABLE_DEBUG_INFO = NO;
				SDKROOT = iphoneos;
				TARGETED_DEVICE_FAMILY = "1,2";
				VALIDATE_PRODUCT = YES;
			};
			name = Release;
		};
		8B13D3C41D16631000E37339 /* Debug */ = {
			isa = XCBuildConfiguration;
			buildSettings = {
				ASSETCATALOG_COMPILER_APPICON_NAME = AppIcon;
				CODE_SIGN_IDENTITY = "iPhone Developer";
				"CODE_SIGN_IDENTITY[sdk=iphoneos*]" = "iPhone Developer";
				INFOPLIST_FILE = test/Info.plist;
				LD_RUNPATH_SEARCH_PATHS = "$(inherited) @executable_path/Frameworks";
				PRODUCT_BUNDLE_IDENTIFIER = HealthCare.inc.test;
				PRODUCT_NAME = "$(TARGET_NAME)";
				PROVISIONING_PROFILE = "";
			};
			name = Debug;
		};
		8B13D3C51D16631000E37339 /* Release */ = {
			isa = XCBuildConfiguration;
			buildSettings = {
				ASSETCATALOG_COMPILER_APPICON_NAME = AppIcon;
				CODE_SIGN_IDENTITY = "iPhone Developer";
				"CODE_SIGN_IDENTITY[sdk=iphoneos*]" = "iPhone Developer";
				INFOPLIST_FILE = test/Info.plist;
				LD_RUNPATH_SEARCH_PATHS = "$(inherited) @executable_path/Frameworks";
				PRODUCT_BUNDLE_IDENTIFIER = HealthCare.inc.test;
				PRODUCT_NAME = "$(TARGET_NAME)";
				PROVISIONING_PROFILE = "";
			};
			name = Release;
		};
		8B13D3C71D16631000E37339 /* Debug */ = {
			isa = XCBuildConfiguration;
			buildSettings = {
				BUNDLE_LOADER = "$(TEST_HOST)";
				INFOPLIST_FILE = testTests/Info.plist;
				LD_RUNPATH_SEARCH_PATHS = "$(inherited) @executable_path/Frameworks @loader_path/Frameworks";
				PRODUCT_BUNDLE_IDENTIFIER = HealthCare.inc.testTests;
				PRODUCT_NAME = "$(TARGET_NAME)";
				TEST_HOST = "$(BUILT_PRODUCTS_DIR)/test.app/test";
			};
			name = Debug;
		};
		8B13D3C81D16631000E37339 /* Release */ = {
			isa = XCBuildConfiguration;
			buildSettings = {
				BUNDLE_LOADER = "$(TEST_HOST)";
				INFOPLIST_FILE = testTests/Info.plist;
				LD_RUNPATH_SEARCH_PATHS = "$(inherited) @executable_path/Frameworks @loader_path/Frameworks";
				PRODUCT_BUNDLE_IDENTIFIER = HealthCare.inc.testTests;
				PRODUCT_NAME = "$(TARGET_NAME)";
				TEST_HOST = "$(BUILT_PRODUCTS_DIR)/test.app/test";
			};
			name = Release;
		};
		8B13D3CA1D16631000E37339 /* Debug */ = {
			isa = XCBuildConfiguration;
			buildSettings = {
				INFOPLIST_FILE = testUITests/Info.plist;
				LD_RUNPATH_SEARCH_PATHS = "$(inherited) @executable_path/Frameworks @loader_path/Frameworks";
				PRODUCT_BUNDLE_IDENTIFIER = HealthCare.inc.testUITests;
				PRODUCT_NAME = "$(TARGET_NAME)";
				TEST_TARGET_NAME = test;
			};
			name = Debug;
		};
		8B13D3CB1D16631000E37339 /* Release */ = {
			isa = XCBuildConfiguration;
			buildSettings = {
				INFOPLIST_FILE = testUITests/Info.plist;
				LD_RUNPATH_SEARCH_PATHS = "$(inherited) @executable_path/Frameworks @loader_path/Frameworks";
				PRODUCT_BUNDLE_IDENTIFIER = HealthCare.inc.testUITests;
				PRODUCT_NAME = "$(TARGET_NAME)";
				TEST_TARGET_NAME = test;
			};
			name = Release;
		};
/* End XCBuildConfiguration section */

/* Begin XCConfigurationList section */
		8B13D3931D16630F00E37339 /* Build configuration list for PBXProject "test" */ = {
			isa = XCConfigurationList;
			buildConfigurations = (
				8B13D3C11D16631000E37339 /* Debug */,
				8B13D3C21D16631000E37339 /* Release */,
			);
			defaultConfigurationIsVisible = 0;
			defaultConfigurationName = Release;
		};
		8B13D3C31D16631000E37339 /* Build configuration list for PBXNativeTarget "test" */ = {
			isa = XCConfigurationList;
			buildConfigurations = (
				8B13D3C41D16631000E37339 /* Debug */,
				8B13D3C51D16631000E37339 /* Release */,
			);
			defaultConfigurationIsVisible = 0;
			defaultConfigurationName = Release;
		};
		8B13D3C61D16631000E37339 /* Build configuration list for PBXNativeTarget "testTests" */ = {
			isa = XCConfigurationList;
			buildConfigurations = (
				8B13D3C71D16631000E37339 /* Debug */,
				8B13D3C81D16631000E37339 /* Release */,
			);
			defaultConfigurationIsVisible = 0;
			defaultConfigurationName = Release;
		};
		8B13D3C91D16631000E37339 /* Build configuration list for PBXNativeTarget "testUITests" */ = {
			isa = XCConfigurationList;
			buildConfigurations = (
				8B13D3CA1D16631000E37339 /* Debug */,
				8B13D3CB1D16631000E37339 /* Release */,
			);
			defaultConfigurationIsVisible = 0;
			defaultConfigurationName = Release;
		};
/* End XCConfigurationList section */

/* Begin XCVersionGroup section */
		8B13D3A21D16630F00E37339 /* test.xcdatamodeld */ = {
			isa = XCVersionGroup;
			children = (
				8B13D3A31D16630F00E37339 /* test.xcdatamodel */,
			);
			currentVersion = 8B13D3A31D16630F00E37339 /* test.xcdatamodel */;
			path = test.xcdatamodeld;
			sourceTree = "<group>";
			versionGroupType = wrapper.xcdatamodel;
		};
/* End XCVersionGroup section */
	};
	rootObject = 8B13D3901D16630F00E37339 /* Project object */;
}
