// !$*UTF8*$!
{
	archiveVersion = 1;
	classes = {
	};
	objectVersion = 46;
	objects = {

/* Begin PBXBuildFile section */
		8B1216141D1D02290033843A /* PersonsKit.h in Headers */ = {isa = PBXBuildFile; fileRef = 8B1216131D1D02290033843A /* PersonsKit.h */; settings = {ATTRIBUTES = (Public, ); }; };
		8B12161B1D1D02290033843A /* PersonsKit.framework in Frameworks */ = {isa = PBXBuildFile; fileRef = 8B1216101D1D02290033843A /* PersonsKit.framework */; };
		8B1216201D1D02290033843A /* PersonsKitTests.swift in Sources */ = {isa = PBXBuildFile; fileRef = 8B12161F1D1D02290033843A /* PersonsKitTests.swift */; };
		8B12162C1D1D024C0033843A /* PersonsModel.xcdatamodeld in Sources */ = {isa = PBXBuildFile; fileRef = 8B12162A1D1D024C0033843A /* PersonsModel.xcdatamodeld */; };
		8B1216331D1D03A30033843A /* Persons+CoreDataProperties.swift in Sources */ = {isa = PBXBuildFile; fileRef = 8B12162D1D1D03A30033843A /* Persons+CoreDataProperties.swift */; };
		8B1216341D1D03A30033843A /* Persons.swift in Sources */ = {isa = PBXBuildFile; fileRef = 8B12162E1D1D03A30033843A /* Persons.swift */; };
		8B1216351D1D03A30033843A /* Users+CoreDataProperties.swift in Sources */ = {isa = PBXBuildFile; fileRef = 8B12162F1D1D03A30033843A /* Users+CoreDataProperties.swift */; };
		8B1216361D1D03A30033843A /* Users.swift in Sources */ = {isa = PBXBuildFile; fileRef = 8B1216301D1D03A30033843A /* Users.swift */; };
		8B1216371D1D03A30033843A /* Doctors+CoreDataProperties.swift in Sources */ = {isa = PBXBuildFile; fileRef = 8B1216311D1D03A30033843A /* Doctors+CoreDataProperties.swift */; };
		8B1216381D1D03A30033843A /* Doctors.swift in Sources */ = {isa = PBXBuildFile; fileRef = 8B1216321D1D03A30033843A /* Doctors.swift */; };
/* End PBXBuildFile section */

/* Begin PBXContainerItemProxy section */
		8B12161C1D1D02290033843A /* PBXContainerItemProxy */ = {
			isa = PBXContainerItemProxy;
			containerPortal = 8B1216071D1D02290033843A /* Project object */;
			proxyType = 1;
			remoteGlobalIDString = 8B12160F1D1D02290033843A;
			remoteInfo = PersonsKit;
		};
/* End PBXContainerItemProxy section */

/* Begin PBXFileReference section */
		8B1216101D1D02290033843A /* PersonsKit.framework */ = {isa = PBXFileReference; explicitFileType = wrapper.framework; includeInIndex = 0; path = PersonsKit.framework; sourceTree = BUILT_PRODUCTS_DIR; };
		8B1216131D1D02290033843A /* PersonsKit.h */ = {isa = PBXFileReference; lastKnownFileType = sourcecode.c.h; path = PersonsKit.h; sourceTree = "<group>"; };
		8B1216151D1D02290033843A /* Info.plist */ = {isa = PBXFileReference; lastKnownFileType = text.plist.xml; path = Info.plist; sourceTree = "<group>"; };
		8B12161A1D1D02290033843A /* PersonsKitTests.xctest */ = {isa = PBXFileReference; explicitFileType = wrapper.cfbundle; includeInIndex = 0; path = PersonsKitTests.xctest; sourceTree = BUILT_PRODUCTS_DIR; };
		8B12161F1D1D02290033843A /* PersonsKitTests.swift */ = {isa = PBXFileReference; lastKnownFileType = sourcecode.swift; path = PersonsKitTests.swift; sourceTree = "<group>"; };
		8B1216211D1D02290033843A /* Info.plist */ = {isa = PBXFileReference; lastKnownFileType = text.plist.xml; path = Info.plist; sourceTree = "<group>"; };
		8B12162B1D1D024C0033843A /* PersonsModel.xcdatamodel */ = {isa = PBXFileReference; lastKnownFileType = wrapper.xcdatamodel; path = PersonsModel.xcdatamodel; sourceTree = "<group>"; };
		8B12162D1D1D03A30033843A /* Persons+CoreDataProperties.swift */ = {isa = PBXFileReference; fileEncoding = 4; lastKnownFileType = sourcecode.swift; path = "Persons+CoreDataProperties.swift"; sourceTree = "<group>"; };
		8B12162E1D1D03A30033843A /* Persons.swift */ = {isa = PBXFileReference; fileEncoding = 4; lastKnownFileType = sourcecode.swift; path = Persons.swift; sourceTree = "<group>"; };
		8B12162F1D1D03A30033843A /* Users+CoreDataProperties.swift */ = {isa = PBXFileReference; fileEncoding = 4; lastKnownFileType = sourcecode.swift; path = "Users+CoreDataProperties.swift"; sourceTree = "<group>"; };
		8B1216301D1D03A30033843A /* Users.swift */ = {isa = PBXFileReference; fileEncoding = 4; lastKnownFileType = sourcecode.swift; path = Users.swift; sourceTree = "<group>"; };
		8B1216311D1D03A30033843A /* Doctors+CoreDataProperties.swift */ = {isa = PBXFileReference; fileEncoding = 4; lastKnownFileType = sourcecode.swift; path = "Doctors+CoreDataProperties.swift"; sourceTree = "<group>"; };
		8B1216321D1D03A30033843A /* Doctors.swift */ = {isa = PBXFileReference; fileEncoding = 4; lastKnownFileType = sourcecode.swift; path = Doctors.swift; sourceTree = "<group>"; };
/* End PBXFileReference section */

/* Begin PBXFrameworksBuildPhase section */
		8B12160C1D1D02290033843A /* Frameworks */ = {
			isa = PBXFrameworksBuildPhase;
			buildActionMask = 2147483647;
			files = (
			);
			runOnlyForDeploymentPostprocessing = 0;
		};
		8B1216171D1D02290033843A /* Frameworks */ = {
			isa = PBXFrameworksBuildPhase;
			buildActionMask = 2147483647;
			files = (
				8B12161B1D1D02290033843A /* PersonsKit.framework in Frameworks */,
			);
			runOnlyForDeploymentPostprocessing = 0;
		};
/* End PBXFrameworksBuildPhase section */

/* Begin PBXGroup section */
		8B1216061D1D02290033843A = {
			isa = PBXGroup;
			children = (
				8B12162D1D1D03A30033843A /* Persons+CoreDataProperties.swift */,
				8B12162E1D1D03A30033843A /* Persons.swift */,
				8B12162F1D1D03A30033843A /* Users+CoreDataProperties.swift */,
				8B1216301D1D03A30033843A /* Users.swift */,
				8B1216311D1D03A30033843A /* Doctors+CoreDataProperties.swift */,
				8B1216321D1D03A30033843A /* Doctors.swift */,
				8B12162A1D1D024C0033843A /* PersonsModel.xcdatamodeld */,
				8B1216121D1D02290033843A /* PersonsKit */,
				8B12161E1D1D02290033843A /* PersonsKitTests */,
				8B1216111D1D02290033843A /* Products */,
			);
			sourceTree = "<group>";
		};
		8B1216111D1D02290033843A /* Products */ = {
			isa = PBXGroup;
			children = (
				8B1216101D1D02290033843A /* PersonsKit.framework */,
				8B12161A1D1D02290033843A /* PersonsKitTests.xctest */,
			);
			name = Products;
			sourceTree = "<group>";
		};
		8B1216121D1D02290033843A /* PersonsKit */ = {
			isa = PBXGroup;
			children = (
				8B1216131D1D02290033843A /* PersonsKit.h */,
				8B1216151D1D02290033843A /* Info.plist */,
			);
			path = PersonsKit;
			sourceTree = "<group>";
		};
		8B12161E1D1D02290033843A /* PersonsKitTests */ = {
			isa = PBXGroup;
			children = (
				8B12161F1D1D02290033843A /* PersonsKitTests.swift */,
				8B1216211D1D02290033843A /* Info.plist */,
			);
			path = PersonsKitTests;
			sourceTree = "<group>";
		};
/* End PBXGroup section */

/* Begin PBXHeadersBuildPhase section */
		8B12160D1D1D02290033843A /* Headers */ = {
			isa = PBXHeadersBuildPhase;
			buildActionMask = 2147483647;
			files = (
				8B1216141D1D02290033843A /* PersonsKit.h in Headers */,
			);
			runOnlyForDeploymentPostprocessing = 0;
		};
/* End PBXHeadersBuildPhase section */

/* Begin PBXNativeTarget section */
		8B12160F1D1D02290033843A /* PersonsKit */ = {
			isa = PBXNativeTarget;
			buildConfigurationList = 8B1216241D1D02290033843A /* Build configuration list for PBXNativeTarget "PersonsKit" */;
			buildPhases = (
				8B12160B1D1D02290033843A /* Sources */,
				8B12160C1D1D02290033843A /* Frameworks */,
				8B12160D1D1D02290033843A /* Headers */,
				8B12160E1D1D02290033843A /* Resources */,
			);
			buildRules = (
			);
			dependencies = (
			);
			name = PersonsKit;
			productName = PersonsKit;
			productReference = 8B1216101D1D02290033843A /* PersonsKit.framework */;
			productType = "com.apple.product-type.framework";
		};
		8B1216191D1D02290033843A /* PersonsKitTests */ = {
			isa = PBXNativeTarget;
			buildConfigurationList = 8B1216271D1D02290033843A /* Build configuration list for PBXNativeTarget "PersonsKitTests" */;
			buildPhases = (
				8B1216161D1D02290033843A /* Sources */,
				8B1216171D1D02290033843A /* Frameworks */,
				8B1216181D1D02290033843A /* Resources */,
			);
			buildRules = (
			);
			dependencies = (
				8B12161D1D1D02290033843A /* PBXTargetDependency */,
			);
			name = PersonsKitTests;
			productName = PersonsKitTests;
			productReference = 8B12161A1D1D02290033843A /* PersonsKitTests.xctest */;
			productType = "com.apple.product-type.bundle.unit-test";
		};
/* End PBXNativeTarget section */

/* Begin PBXProject section */
		8B1216071D1D02290033843A /* Project object */ = {
			isa = PBXProject;
			attributes = {
				LastSwiftUpdateCheck = 0730;
				LastUpgradeCheck = 0730;
				ORGANIZATIONNAME = HealthCare.inc;
				TargetAttributes = {
					8B12160F1D1D02290033843A = {
						CreatedOnToolsVersion = 7.3.1;
						DevelopmentTeam = Z5P4SMDK2W;
					};
					8B1216191D1D02290033843A = {
						CreatedOnToolsVersion = 7.3.1;
						DevelopmentTeam = Z5P4SMDK2W;
					};
				};
			};
			buildConfigurationList = 8B12160A1D1D02290033843A /* Build configuration list for PBXProject "PersonsKit" */;
			compatibilityVersion = "Xcode 3.2";
			developmentRegion = English;
			hasScannedForEncodings = 0;
			knownRegions = (
				en,
			);
			mainGroup = 8B1216061D1D02290033843A;
			productRefGroup = 8B1216111D1D02290033843A /* Products */;
			projectDirPath = "";
			projectRoot = "";
			targets = (
				8B12160F1D1D02290033843A /* PersonsKit */,
				8B1216191D1D02290033843A /* PersonsKitTests */,
			);
		};
/* End PBXProject section */

/* Begin PBXResourcesBuildPhase section */
		8B12160E1D1D02290033843A /* Resources */ = {
			isa = PBXResourcesBuildPhase;
			buildActionMask = 2147483647;
			files = (
			);
			runOnlyForDeploymentPostprocessing = 0;
		};
		8B1216181D1D02290033843A /* Resources */ = {
			isa = PBXResourcesBuildPhase;
			buildActionMask = 2147483647;
			files = (
			);
			runOnlyForDeploymentPostprocessing = 0;
		};
/* End PBXResourcesBuildPhase section */

/* Begin PBXSourcesBuildPhase section */
		8B12160B1D1D02290033843A /* Sources */ = {
			isa = PBXSourcesBuildPhase;
			buildActionMask = 2147483647;
			files = (
				8B1216341D1D03A30033843A /* Persons.swift in Sources */,
				8B1216331D1D03A30033843A /* Persons+CoreDataProperties.swift in Sources */,
				8B1216361D1D03A30033843A /* Users.swift in Sources */,
				8B1216351D1D03A30033843A /* Users+CoreDataProperties.swift in Sources */,
				8B1216371D1D03A30033843A /* Doctors+CoreDataProperties.swift in Sources */,
				8B12162C1D1D024C0033843A /* PersonsModel.xcdatamodeld in Sources */,
				8B1216381D1D03A30033843A /* Doctors.swift in Sources */,
			);
			runOnlyForDeploymentPostprocessing = 0;
		};
		8B1216161D1D02290033843A /* Sources */ = {
			isa = PBXSourcesBuildPhase;
			buildActionMask = 2147483647;
			files = (
				8B1216201D1D02290033843A /* PersonsKitTests.swift in Sources */,
			);
			runOnlyForDeploymentPostprocessing = 0;
		};
/* End PBXSourcesBuildPhase section */

/* Begin PBXTargetDependency section */
		8B12161D1D1D02290033843A /* PBXTargetDependency */ = {
			isa = PBXTargetDependency;
			target = 8B12160F1D1D02290033843A /* PersonsKit */;
			targetProxy = 8B12161C1D1D02290033843A /* PBXContainerItemProxy */;
		};
/* End PBXTargetDependency section */

/* Begin XCBuildConfiguration section */
		8B1216221D1D02290033843A /* Debug */ = {
			isa = XCBuildConfiguration;
			buildSettings = {
				ALWAYS_SEARCH_USER_PATHS = NO;
				CLANG_ANALYZER_NONNULL = YES;
				CLANG_CXX_LANGUAGE_STANDARD = "gnu++0x";
				CLANG_CXX_LIBRARY = "libc++";
				CLANG_ENABLE_MODULES = YES;
				CLANG_ENABLE_OBJC_ARC = YES;
				CLANG_WARN_BOOL_CONVERSION = YES;
				CLANG_WARN_CONSTANT_CONVERSION = YES;
				CLANG_WARN_DIRECT_OBJC_ISA_USAGE = YES_ERROR;
				CLANG_WARN_EMPTY_BODY = YES;
				CLANG_WARN_ENUM_CONVERSION = YES;
				CLANG_WARN_INT_CONVERSION = YES;
				CLANG_WARN_OBJC_ROOT_CLASS = YES_ERROR;
				CLANG_WARN_UNREACHABLE_CODE = YES;
				CLANG_WARN__DUPLICATE_METHOD_MATCH = YES;
				"CODE_SIGN_IDENTITY[sdk=iphoneos*]" = "iPhone Developer";
				COPY_PHASE_STRIP = NO;
				CURRENT_PROJECT_VERSION = 1;
				DEBUG_INFORMATION_FORMAT = dwarf;
				ENABLE_STRICT_OBJC_MSGSEND = YES;
				ENABLE_TESTABILITY = YES;
				GCC_C_LANGUAGE_STANDARD = gnu99;
				GCC_DYNAMIC_NO_PIC = NO;
				GCC_NO_COMMON_BLOCKS = YES;
				GCC_OPTIMIZATION_LEVEL = 0;
				GCC_PREPROCESSOR_DEFINITIONS = (
					"DEBUG=1",
					"$(inherited)",
				);
				GCC_WARN_64_TO_32_BIT_CONVERSION = YES;
				GCC_WARN_ABOUT_RETURN_TYPE = YES_ERROR;
				GCC_WARN_UNDECLARED_SELECTOR = YES;
				GCC_WARN_UNINITIALIZED_AUTOS = YES_AGGRESSIVE;
				GCC_WARN_UNUSED_FUNCTION = YES;
				GCC_WARN_UNUSED_VARIABLE = YES;
				IPHONEOS_DEPLOYMENT_TARGET = 9.3;
				MTL_ENABLE_DEBUG_INFO = YES;
				ONLY_ACTIVE_ARCH = YES;
				SDKROOT = iphoneos;
				SWIFT_OPTIMIZATION_LEVEL = "-Onone";
				TARGETED_DEVICE_FAMILY = "1,2";
				VERSIONING_SYSTEM = "apple-generic";
				VERSION_INFO_PREFIX = "";
			};
			name = Debug;
		};
		8B1216231D1D02290033843A /* Release */ = {
			isa = XCBuildConfiguration;
			buildSettings = {
				ALWAYS_SEARCH_USER_PATHS = NO;
				CLANG_ANALYZER_NONNULL = YES;
				CLANG_CXX_LANGUAGE_STANDARD = "gnu++0x";
				CLANG_CXX_LIBRARY = "libc++";
				CLANG_ENABLE_MODULES = YES;
				CLANG_ENABLE_OBJC_ARC = YES;
				CLANG_WARN_BOOL_CONVERSION = YES;
				CLANG_WARN_CONSTANT_CONVERSION = YES;
				CLANG_WARN_DIRECT_OBJC_ISA_USAGE = YES_ERROR;
				CLANG_WARN_EMPTY_BODY = YES;
				CLANG_WARN_ENUM_CONVERSION = YES;
				CLANG_WARN_INT_CONVERSION = YES;
				CLANG_WARN_OBJC_ROOT_CLASS = YES_ERROR;
				CLANG_WARN_UNREACHABLE_CODE = YES;
				CLANG_WARN__DUPLICATE_METHOD_MATCH = YES;
				"CODE_SIGN_IDENTITY[sdk=iphoneos*]" = "iPhone Developer";
				COPY_PHASE_STRIP = NO;
				CURRENT_PROJECT_VERSION = 1;
				DEBUG_INFORMATION_FORMAT = "dwarf-with-dsym";
				ENABLE_NS_ASSERTIONS = NO;
				ENABLE_STRICT_OBJC_MSGSEND = YES;
				GCC_C_LANGUAGE_STANDARD = gnu99;
				GCC_NO_COMMON_BLOCKS = YES;
				GCC_WARN_64_TO_32_BIT_CONVERSION = YES;
				GCC_WARN_ABOUT_RETURN_TYPE = YES_ERROR;
				GCC_WARN_UNDECLARED_SELECTOR = YES;
				GCC_WARN_UNINITIALIZED_AUTOS = YES_AGGRESSIVE;
				GCC_WARN_UNUSED_FUNCTION = YES;
				GCC_WARN_UNUSED_VARIABLE = YES;
				IPHONEOS_DEPLOYMENT_TARGET = 9.3;
				MTL_ENABLE_DEBUG_INFO = NO;
				SDKROOT = iphoneos;
				TARGETED_DEVICE_FAMILY = "1,2";
				VALIDATE_PRODUCT = YES;
				VERSIONING_SYSTEM = "apple-generic";
				VERSION_INFO_PREFIX = "";
			};
			name = Release;
		};
		8B1216251D1D02290033843A /* Debug */ = {
			isa = XCBuildConfiguration;
			buildSettings = {
				CLANG_ENABLE_MODULES = YES;
				DEFINES_MODULE = YES;
				DYLIB_COMPATIBILITY_VERSION = 1;
				DYLIB_CURRENT_VERSION = 1;
				DYLIB_INSTALL_NAME_BASE = "@rpath";
				INFOPLIST_FILE = PersonsKit/Info.plist;
				INSTALL_PATH = "$(LOCAL_LIBRARY_DIR)/Frameworks";
				LD_RUNPATH_SEARCH_PATHS = "$(inherited) @executable_path/Frameworks @loader_path/Frameworks";
				PRODUCT_BUNDLE_IDENTIFIER = HealthCare.inc.PersonsKit;
				PRODUCT_NAME = "$(TARGET_NAME)";
				SKIP_INSTALL = YES;
				SWIFT_OPTIMIZATION_LEVEL = "-Onone";
			};
			name = Debug;
		};
		8B1216261D1D02290033843A /* Release */ = {
			isa = XCBuildConfiguration;
			buildSettings = {
				CLANG_ENABLE_MODULES = YES;
				DEFINES_MODULE = YES;
				DYLIB_COMPATIBILITY_VERSION = 1;
				DYLIB_CURRENT_VERSION = 1;
				DYLIB_INSTALL_NAME_BASE = "@rpath";
				INFOPLIST_FILE = PersonsKit/Info.plist;
				INSTALL_PATH = "$(LOCAL_LIBRARY_DIR)/Frameworks";
				LD_RUNPATH_SEARCH_PATHS = "$(inherited) @executable_path/Frameworks @loader_path/Frameworks";
				PRODUCT_BUNDLE_IDENTIFIER = HealthCare.inc.PersonsKit;
				PRODUCT_NAME = "$(TARGET_NAME)";
				SKIP_INSTALL = YES;
			};
			name = Release;
		};
		8B1216281D1D02290033843A /* Debug */ = {
			isa = XCBuildConfiguration;
			buildSettings = {
				INFOPLIST_FILE = PersonsKitTests/Info.plist;
				LD_RUNPATH_SEARCH_PATHS = "$(inherited) @executable_path/Frameworks @loader_path/Frameworks";
				PRODUCT_BUNDLE_IDENTIFIER = HealthCare.inc.PersonsKitTests;
				PRODUCT_NAME = "$(TARGET_NAME)";
			};
			name = Debug;
		};
		8B1216291D1D02290033843A /* Release */ = {
			isa = XCBuildConfiguration;
			buildSettings = {
				INFOPLIST_FILE = PersonsKitTests/Info.plist;
				LD_RUNPATH_SEARCH_PATHS = "$(inherited) @executable_path/Frameworks @loader_path/Frameworks";
				PRODUCT_BUNDLE_IDENTIFIER = HealthCare.inc.PersonsKitTests;
				PRODUCT_NAME = "$(TARGET_NAME)";
			};
			name = Release;
		};
/* End XCBuildConfiguration section */

/* Begin XCConfigurationList section */
		8B12160A1D1D02290033843A /* Build configuration list for PBXProject "PersonsKit" */ = {
			isa = XCConfigurationList;
			buildConfigurations = (
				8B1216221D1D02290033843A /* Debug */,
				8B1216231D1D02290033843A /* Release */,
			);
			defaultConfigurationIsVisible = 0;
			defaultConfigurationName = Release;
		};
		8B1216241D1D02290033843A /* Build configuration list for PBXNativeTarget "PersonsKit" */ = {
			isa = XCConfigurationList;
			buildConfigurations = (
				8B1216251D1D02290033843A /* Debug */,
				8B1216261D1D02290033843A /* Release */,
			);
			defaultConfigurationIsVisible = 0;
		};
		8B1216271D1D02290033843A /* Build configuration list for PBXNativeTarget "PersonsKitTests" */ = {
			isa = XCConfigurationList;
			buildConfigurations = (
				8B1216281D1D02290033843A /* Debug */,
				8B1216291D1D02290033843A /* Release */,
			);
			defaultConfigurationIsVisible = 0;
		};
/* End XCConfigurationList section */

/* Begin XCVersionGroup section */
		8B12162A1D1D024C0033843A /* PersonsModel.xcdatamodeld */ = {
			isa = XCVersionGroup;
			children = (
				8B12162B1D1D024C0033843A /* PersonsModel.xcdatamodel */,
			);
			currentVersion = 8B12162B1D1D024C0033843A /* PersonsModel.xcdatamodel */;
			path = PersonsModel.xcdatamodeld;
			sourceTree = "<group>";
			versionGroupType = wrapper.xcdatamodel;
		};
/* End XCVersionGroup section */
	};
	rootObject = 8B1216071D1D02290033843A /* Project object */;
}
